
Microsoft Visual Studio Solution File, Format Version 12.00
# Visual Studio Version 17
VisualStudioVersion = 17.5.33502.453
MinimumVisualStudioVersion = 10.0.40219.1
Project("{FAE04EC0-301F-11D3-BF4B-00C04F79EFBC}") = "MvcNetCoreZapatillas", "MvcNetCoreZapatillas\MvcNetCoreZapatillas.csproj", "{DA607953-02F7-434F-9F22-F188E0C8AEFB}"
EndProject
Global
	GlobalSection(SolutionConfigurationPlatforms) = preSolution
		Debug|Any CPU = Debug|Any CPU
		Release|Any CPU = Release|Any CPU
	EndGlobalSection
	GlobalSection(ProjectConfigurationPlatforms) = postSolution
		{DA607953-02F7-434F-9F22-F188E0C8AEFB}.Debug|Any CPU.ActiveCfg = Debug|Any CPU
		{DA607953-02F7-434F-9F22-F188E0C8AEFB}.Debug|Any CPU.Build.0 = Debug|Any CPU
		{DA607953-02F7-434F-9F22-F188E0C8AEFB}.Release|Any CPU.ActiveCfg = Release|Any CPU
		{DA607953-02F7-434F-9F22-F188E0C8AEFB}.Release|Any CPU.Build.0 = Release|Any CPU
	EndGlobalSection
	GlobalSection(SolutionProperties) = preSolution
		HideSolutionNode = FALSE
	EndGlobalSection
	GlobalSection(ExtensibilityGlobals) = postSolution
		SolutionGuid = {ED308F25-1B25-4B25-8022-39A796C487F9}
	EndGlobalSection
EndGlobal
